{
  "name": "whoop-query-cli",
  "version": "0.1.4",
  "lockfileVersion": 3,
  "requires": true,
  "packages": {
    "": {
      "name": "whoop-query-cli",
      "version": "0.1.4",
      "license": "ISC",
      "bin": {
        "whoop-query-cli": "src/cli.mjs",
        "wqcli": "src/cli.mjs"
      },
      "engines": {
        "node": ">=20.0.0"
      }
    }
  }
}
